
Microsoft Visual Studio Solution File, Format Version 12.00
# Visual Studio Version 17
VisualStudioVersion = 17.8.34330.188
MinimumVisualStudioVersion = 10.0.40219.1
Project("{FAE04EC0-301F-11D3-BF4B-00C04F79EFBC}") = "gestion-taxi", "gestion-taxi\gestion-taxi.csproj", "{19992057-5BB4-4900-A64A-033675B5CA6A}"
EndProject
Global
	GlobalSection(SolutionConfigurationPlatforms) = preSolution
		Debug|Any CPU = Debug|Any CPU
		Release|Any CPU = Release|Any CPU
	EndGlobalSection
	GlobalSection(ProjectConfigurationPlatforms) = postSolution
		{19992057-5BB4-4900-A64A-033675B5CA6A}.Debug|Any CPU.ActiveCfg = Debug|Any CPU
		{19992057-5BB4-4900-A64A-033675B5CA6A}.Debug|Any CPU.Build.0 = Debug|Any CPU
		{19992057-5BB4-4900-A64A-033675B5CA6A}.Release|Any CPU.ActiveCfg = Release|Any CPU
		{19992057-5BB4-4900-A64A-033675B5CA6A}.Release|Any CPU.Build.0 = Release|Any CPU
	EndGlobalSection
	GlobalSection(SolutionProperties) = preSolution
		HideSolutionNode = FALSE
	EndGlobalSection
	GlobalSection(ExtensibilityGlobals) = postSolution
		SolutionGuid = {AE7ABB4F-150D-41FA-9BDF-5602945F55D8}
	EndGlobalSection
EndGlobal
